
Microsoft Visual Studio Solution File, Format Version 12.00
# Visual Studio Version 17
VisualStudioVersion = 17.14.36705.20 d17.14
MinimumVisualStudioVersion = 10.0.40219.1
Project("{FAE04EC0-301F-11D3-BF4B-00C04F79EFBC}") = "TryCatcherTester", "TryCatcherTest\TryCatcherTester.csproj", "{08E3F292-1C6E-45D1-B943-C42F456A67CA}"
EndProject
Project("{FAE04EC0-301F-11D3-BF4B-00C04F79EFBC}") = "TryCatcher", "TryCatcher\TryCatcher.csproj", "{53E9FBD0-EC2F-4D06-9BAF-8F0E47C94C09}"
EndProject
Project("{FAE04EC0-301F-11D3-BF4B-00C04F79EFBC}") = "ReCatcher", "ReCatcher\ReCatcher.csproj", "{EA77A502-1122-4D01-9757-1B21FADBF8EA}"
EndProject
Global
	GlobalSection(SolutionConfigurationPlatforms) = preSolution
		Debug|Any CPU = Debug|Any CPU
		Release|Any CPU = Release|Any CPU
	EndGlobalSection
	GlobalSection(ProjectConfigurationPlatforms) = postSolution
		{08E3F292-1C6E-45D1-B943-C42F456A67CA}.Debug|Any CPU.ActiveCfg = Debug|Any CPU
		{08E3F292-1C6E-45D1-B943-C42F456A67CA}.Debug|Any CPU.Build.0 = Debug|Any CPU
		{08E3F292-1C6E-45D1-B943-C42F456A67CA}.Release|Any CPU.ActiveCfg = Release|Any CPU
		{08E3F292-1C6E-45D1-B943-C42F456A67CA}.Release|Any CPU.Build.0 = Release|Any CPU
		{53E9FBD0-EC2F-4D06-9BAF-8F0E47C94C09}.Debug|Any CPU.ActiveCfg = Debug|Any CPU
		{53E9FBD0-EC2F-4D06-9BAF-8F0E47C94C09}.Debug|Any CPU.Build.0 = Debug|Any CPU
		{53E9FBD0-EC2F-4D06-9BAF-8F0E47C94C09}.Release|Any CPU.ActiveCfg = Release|Any CPU
		{53E9FBD0-EC2F-4D06-9BAF-8F0E47C94C09}.Release|Any CPU.Build.0 = Release|Any CPU
		{EA77A502-1122-4D01-9757-1B21FADBF8EA}.Debug|Any CPU.ActiveCfg = Debug|Any CPU
		{EA77A502-1122-4D01-9757-1B21FADBF8EA}.Debug|Any CPU.Build.0 = Debug|Any CPU
		{EA77A502-1122-4D01-9757-1B21FADBF8EA}.Release|Any CPU.ActiveCfg = Release|Any CPU
		{EA77A502-1122-4D01-9757-1B21FADBF8EA}.Release|Any CPU.Build.0 = Release|Any CPU
	EndGlobalSection
	GlobalSection(SolutionProperties) = preSolution
		HideSolutionNode = FALSE
	EndGlobalSection
	GlobalSection(ExtensibilityGlobals) = postSolution
		SolutionGuid = {01237D9C-4E3F-4EC5-B085-5E1F88EDD3DC}
	EndGlobalSection
EndGlobal
